<?xml version="1.0" encoding="utf-8"?>
<Project ToolsVersion="4.0" xmlns="http://schemas.microsoft.com/developer/msbuild/2003">
  <ItemGroup>
    <Filter Include="Engine"><UniqueIdentifier>{9205B957-FB04-4B16-8334-89404E191A9A}</UniqueIdentifier></Filter>
    <Filter Include="Engine\Components"><UniqueIdentifier>{FC0A8C2F-DA77-4EFB-A4A1-01A8CAE26F7A}</UniqueIdentifier></Filter>
    <Filter Include="Engine\Components\CameraComponent"><UniqueIdentifier>{95FBFA6B-4CFD-479B-B3A7-FCAA48ABA2C2}</UniqueIdentifier></Filter>
    <Filter Include="Engine\Components\FreeCameraControllerComponent"><UniqueIdentifier>{7676A453-5C3E-42CF-905F-6F8808E8239E}</UniqueIdentifier></Filter>
    <Filter Include="Engine\Components\MeshComponent"><UniqueIdentifier>{E18B673A-E589-4CB6-9F3F-37FAAF0C0CCD}</UniqueIdentifier></Filter>
    <Filter Include="Engine\Components\SkyComponent"><UniqueIdentifier>{92799047-8E22-4792-A7A7-70E6890FF457}</UniqueIdentifier></Filter>
    <Filter Include="Engine\Components\TransformComponent"><UniqueIdentifier>{DBA00163-4273-45DF-B3C0-C051EE066AE8}</UniqueIdentifier></Filter>
    <Filter Include="Engine\Core"><UniqueIdentifier>{6C04C3F7-AEFD-40AF-9A29-FDCB74800C51}</UniqueIdentifier></Filter>
    <Filter Include="Engine\Core\ApplicationContext"><UniqueIdentifier>{996F2C00-C9AD-48B6-B37B-507318D49127}</UniqueIdentifier></Filter>
    <Filter Include="Engine\Definitions"><UniqueIdentifier>{EECA55AC-D3FD-4AB3-9689-8BD28DEB5D51}</UniqueIdentifier></Filter>
    <Filter Include="Engine\Definitions\Constants"><UniqueIdentifier>{B037EF48-08DB-4CC0-B053-7C33BEDD94EE}</UniqueIdentifier></Filter>
    <Filter Include="Engine\Definitions\Constants\Benchmark"><UniqueIdentifier>{9F99AB7C-2B08-4EF8-AFF1-0AD8650ECC2E}</UniqueIdentifier></Filter>
    <Filter Include="Engine\Definitions\Constants\DebugUi"><UniqueIdentifier>{ED5B8E9A-5280-4784-B0B8-C865DECA7CD4}</UniqueIdentifier></Filter>
    <Filter Include="Engine\Definitions\Constants\Render"><UniqueIdentifier>{71D5C482-A9EE-4C04-BE6F-84DE63079005}</UniqueIdentifier></Filter>
    <Filter Include="Engine\Definitions\Enums"><UniqueIdentifier>{9DD243E7-AC0D-4C7F-AAF6-8DA76240696D}</UniqueIdentifier></Filter>
    <Filter Include="Engine\Definitions\Enums\Common"><UniqueIdentifier>{6B63B778-CA1F-4F81-9DAD-883F0E8F9C16}</UniqueIdentifier></Filter>
    <Filter Include="Engine\Definitions\Enums\DebugUi"><UniqueIdentifier>{DF21F192-BE87-4DA4-A563-7D1E472823D8}</UniqueIdentifier></Filter>
    <Filter Include="Engine\Definitions\Functions"><UniqueIdentifier>{2F89D4E9-F2AC-428A-959B-F488F6885EF9}</UniqueIdentifier></Filter>
    <Filter Include="Engine\Definitions\Functions\Benchmark"><UniqueIdentifier>{D09E0123-026F-4837-B95D-86F687E5B175}</UniqueIdentifier></Filter>
    <Filter Include="Engine\Definitions\Functions\Common"><UniqueIdentifier>{4C6D6C94-F1C3-4186-979C-6740A82A22F5}</UniqueIdentifier></Filter>
    <Filter Include="Engine\Definitions\Functions\DebugUi"><UniqueIdentifier>{9AF46D82-483E-402E-94A1-28D2D9E63E09}</UniqueIdentifier></Filter>
    <Filter Include="Engine\Definitions\Functions\Mesh"><UniqueIdentifier>{836FB4A3-C7A9-4AE5-8F1E-D07DB50412B6}</UniqueIdentifier></Filter>
    <Filter Include="Engine\Definitions\Functions\Render"><UniqueIdentifier>{F0769083-34E2-46DA-9FBA-DA9C583FD94A}</UniqueIdentifier></Filter>
    <Filter Include="Engine\Definitions\Structs"><UniqueIdentifier>{003F262D-C076-43A4-AD54-7205C6952A44}</UniqueIdentifier></Filter>
    <Filter Include="Engine\Definitions\Structs\Benchmark"><UniqueIdentifier>{89931BB3-BFEC-4B9E-9932-4C86C32C7A55}</UniqueIdentifier></Filter>
    <Filter Include="Engine\Definitions\Structs\Common"><UniqueIdentifier>{7B7244E6-449F-42A0-9982-D5F535AD5C24}</UniqueIdentifier></Filter>
    <Filter Include="Engine\Definitions\Structs\DebugUi"><UniqueIdentifier>{B86B6CD3-2C13-4E08-886B-07FC74A3E790}</UniqueIdentifier></Filter>
    <Filter Include="Engine\Definitions\Structs\Render"><UniqueIdentifier>{0DEA4D23-C7F4-4D55-8126-BA9A60FEB21B}</UniqueIdentifier></Filter>
    <Filter Include="Engine\Managers"><UniqueIdentifier>{16ADB0B1-96EF-4959-A742-7BCBF9FB0916}</UniqueIdentifier></Filter>
    <Filter Include="Engine\Managers\BenchmarkManager"><UniqueIdentifier>{45F5D287-6567-4218-943E-85180755B4C4}</UniqueIdentifier></Filter>
    <Filter Include="Engine\Managers\CameraManager"><UniqueIdentifier>{6A293651-D960-47CB-978F-FA62A0A63513}</UniqueIdentifier></Filter>
    <Filter Include="Engine\Managers\DebugUiManager"><UniqueIdentifier>{0D466B2F-039D-4EE9-868F-5C26FFB548C5}</UniqueIdentifier></Filter>
    <Filter Include="Engine\Managers\InputManager"><UniqueIdentifier>{AAE23EAF-17FC-4955-9E38-3E2829B0BB2D}</UniqueIdentifier></Filter>
    <Filter Include="Engine\Managers\SceneManager"><UniqueIdentifier>{07211D43-8404-422D-83DA-04F0704EF6AB}</UniqueIdentifier></Filter>
    <Filter Include="Engine\Objects"><UniqueIdentifier>{983A50B6-E371-448A-B9ED-DFFC965799FB}</UniqueIdentifier></Filter>
    <Filter Include="Engine\Objects\FreeCamera"><UniqueIdentifier>{C8BF0155-B010-4BCE-AAC8-6E328CF4894D}</UniqueIdentifier></Filter>
    <Filter Include="Engine\Objects\GameObject"><UniqueIdentifier>{0EA039B7-2989-4BC4-8007-84045035560F}</UniqueIdentifier></Filter>
    <Filter Include="Engine\Rendering"><UniqueIdentifier>{93B212AF-527D-4649-8CBF-AAE930F9CE35}</UniqueIdentifier></Filter>
    <Filter Include="Engine\Rendering\Renderer"><UniqueIdentifier>{E8AB55BC-F086-4F49-96AA-54B5202B7718}</UniqueIdentifier></Filter>
    <Filter Include="Engine\Scenes"><UniqueIdentifier>{079B7CB2-BC79-423B-B00C-9A9FAE59CB6C}</UniqueIdentifier></Filter>
    <Filter Include="Engine\Scenes\Scene"><UniqueIdentifier>{C8BB5C46-3553-48DE-842B-648F9956F911}</UniqueIdentifier></Filter>
    <Filter Include="ThirdParty"><UniqueIdentifier>{C6BE0FBA-B09C-4FB6-B0C7-334391F47F7B}</UniqueIdentifier></Filter>
    <Filter Include="ThirdParty\ImGui"><UniqueIdentifier>{F478168B-EF55-40A0-8DB8-EC95D1538244}</UniqueIdentifier></Filter>
    <Filter Include="ThirdParty\ImGui\Backends"><UniqueIdentifier>{49EF1597-41A7-40EA-B4F7-2742B53D08CE}</UniqueIdentifier></Filter>
    <Filter Include="ThirdParty\ImGui\Core"><UniqueIdentifier>{AC8A60D1-295F-4A00-81E0-9AA91709A1FF}</UniqueIdentifier></Filter>
    <Filter Include="ThirdParty\ImGui\STB"><UniqueIdentifier>{67CFBACF-8EE5-428C-81BB-EC883D3236ED}</UniqueIdentifier></Filter>
  </ItemGroup>
  <ItemGroup>
    <ClInclude Include="Engine\Public\Engine_Benchmark_Constant.h"><Filter>Engine\Definitions\Constants\Benchmark</Filter></ClInclude>
    <ClInclude Include="Engine\Public\Engine_Enum.h"><Filter>Engine\Definitions\Enums\Common</Filter></ClInclude>
    <ClInclude Include="Engine\Public\Engine_Struct.h"><Filter>Engine\Definitions\Structs\Common</Filter></ClInclude>
    <ClInclude Include="Engine\Public\Engine_Function.h"><Filter>Engine\Definitions\Functions\Common</Filter></ClInclude>
    <ClInclude Include="Engine\Public\Engine_DebugUi_Enum.h"><Filter>Engine\Definitions\Enums\DebugUi</Filter></ClInclude>
    <ClInclude Include="Engine\Public\Engine_DebugUi_Struct.h"><Filter>Engine\Definitions\Structs\DebugUi</Filter></ClInclude>
    <ClInclude Include="Engine\Public\Engine_Render_Struct.h"><Filter>Engine\Definitions\Structs\Render</Filter></ClInclude>
    <ClInclude Include="Engine\Public\Engine_DebugUi_Constant.h"><Filter>Engine\Definitions\Constants\DebugUi</Filter></ClInclude>
    <ClInclude Include="Engine\Public\Engine_Benchmark_Struct.h"><Filter>Engine\Definitions\Structs\Benchmark</Filter></ClInclude>
    <ClInclude Include="Engine\Public\Engine_Render_Function.h"><Filter>Engine\Definitions\Functions\Render</Filter></ClInclude>
    <ClInclude Include="Engine\Public\Engine_Benchmark_Function.h"><Filter>Engine\Definitions\Functions\Benchmark</Filter></ClInclude>
    <ClInclude Include="Engine\Public\Engine_Mesh_Function.h"><Filter>Engine\Definitions\Functions\Mesh</Filter></ClInclude>
    <ClInclude Include="Engine\Public\Engine_DebugUi_Function.h"><Filter>Engine\Definitions\Functions\DebugUi</Filter></ClInclude>
    <ClInclude Include="Engine\Public\Engine_Render_Constant.h"><Filter>Engine\Definitions\Constants\Render</Filter></ClInclude>
    <ClInclude Include="Engine\Public\ApplicationContext.h"><Filter>Engine\Core\ApplicationContext</Filter></ClInclude>
    <ClInclude Include="Engine\Public\BenchmarkManager.h"><Filter>Engine\Managers\BenchmarkManager</Filter></ClInclude>
    <ClInclude Include="Engine\Public\CameraComponent.h"><Filter>Engine\Components\CameraComponent</Filter></ClInclude>
    <ClInclude Include="Engine\Public\CameraManager.h"><Filter>Engine\Managers\CameraManager</Filter></ClInclude>
    <ClInclude Include="Engine\Public\DebugUiManager.h"><Filter>Engine\Managers\DebugUiManager</Filter></ClInclude>
    <ClInclude Include="Engine\Public\FreeCamera.h"><Filter>Engine\Objects\FreeCamera</Filter></ClInclude>
    <ClInclude Include="Engine\Public\FreeCameraControllerComponent.h"><Filter>Engine\Components\FreeCameraControllerComponent</Filter></ClInclude>
    <ClInclude Include="Engine\Public\GameObject.h"><Filter>Engine\Objects\GameObject</Filter></ClInclude>
    <ClInclude Include="Engine\Public\InputManager.h"><Filter>Engine\Managers\InputManager</Filter></ClInclude>
    <ClInclude Include="Engine\Public\MeshComponent.h"><Filter>Engine\Components\MeshComponent</Filter></ClInclude>
    <ClInclude Include="Engine\Public\Renderer.h"><Filter>Engine\Rendering\Renderer</Filter></ClInclude>
    <ClInclude Include="Engine\Public\Scene.h"><Filter>Engine\Scenes\Scene</Filter></ClInclude>
    <ClInclude Include="Engine\Public\SceneManager.h"><Filter>Engine\Managers\SceneManager</Filter></ClInclude>
    <ClInclude Include="Engine\Public\SkyComponent.h"><Filter>Engine\Components\SkyComponent</Filter></ClInclude>
    <ClInclude Include="Engine\Public\TransformComponent.h"><Filter>Engine\Components\TransformComponent</Filter></ClInclude>
    <ClInclude Include="ThirdParty\imgui\imconfig.h"><Filter>ThirdParty\ImGui\Core</Filter></ClInclude>
    <ClInclude Include="ThirdParty\imgui\imgui.h"><Filter>ThirdParty\ImGui\Core</Filter></ClInclude>
    <ClInclude Include="ThirdParty\imgui\imgui_internal.h"><Filter>ThirdParty\ImGui\Core</Filter></ClInclude>
    <ClInclude Include="ThirdParty\imgui\imstb_rectpack.h"><Filter>ThirdParty\ImGui\STB</Filter></ClInclude>
    <ClInclude Include="ThirdParty\imgui\imstb_textedit.h"><Filter>ThirdParty\ImGui\STB</Filter></ClInclude>
    <ClInclude Include="ThirdParty\imgui\imstb_truetype.h"><Filter>ThirdParty\ImGui\STB</Filter></ClInclude>
    <ClInclude Include="ThirdParty\imgui\backends\imgui_impl_dx11.h"><Filter>ThirdParty\ImGui\Backends</Filter></ClInclude>
    <ClInclude Include="ThirdParty\imgui\backends\imgui_impl_win32.h"><Filter>ThirdParty\ImGui\Backends</Filter></ClInclude>
  </ItemGroup>
  <ItemGroup>
    <ClCompile Include="Engine\Private\ApplicationContext.cpp"><Filter>Engine\Core\ApplicationContext</Filter></ClCompile>
    <ClCompile Include="Engine\Private\BenchmarkManager.cpp"><Filter>Engine\Managers\BenchmarkManager</Filter></ClCompile>
    <ClCompile Include="Engine\Private\CameraComponent.cpp"><Filter>Engine\Components\CameraComponent</Filter></ClCompile>
    <ClCompile Include="Engine\Private\CameraManager.cpp"><Filter>Engine\Managers\CameraManager</Filter></ClCompile>
    <ClCompile Include="Engine\Private\DebugUiManager.cpp"><Filter>Engine\Managers\DebugUiManager</Filter></ClCompile>
    <ClCompile Include="Engine\Private\FreeCamera.cpp"><Filter>Engine\Objects\FreeCamera</Filter></ClCompile>
    <ClCompile Include="Engine\Private\FreeCameraControllerComponent.cpp"><Filter>Engine\Components\FreeCameraControllerComponent</Filter></ClCompile>
    <ClCompile Include="Engine\Private\InputManager.cpp"><Filter>Engine\Managers\InputManager</Filter></ClCompile>
    <ClCompile Include="Engine\Private\MeshComponent.cpp"><Filter>Engine\Components\MeshComponent</Filter></ClCompile>
    <ClCompile Include="Engine\Private\Renderer.cpp"><Filter>Engine\Rendering\Renderer</Filter></ClCompile>
    <ClCompile Include="Engine\Private\SceneManager.cpp"><Filter>Engine\Managers\SceneManager</Filter></ClCompile>
    <ClCompile Include="Engine\Private\TransformComponent.cpp"><Filter>Engine\Components\TransformComponent</Filter></ClCompile>
    <ClCompile Include="ThirdParty\imgui\imgui.cpp"><Filter>ThirdParty\ImGui\Core</Filter></ClCompile>
    <ClCompile Include="ThirdParty\imgui\imgui_draw.cpp"><Filter>ThirdParty\ImGui\Core</Filter></ClCompile>
    <ClCompile Include="ThirdParty\imgui\imgui_tables.cpp"><Filter>ThirdParty\ImGui\Core</Filter></ClCompile>
    <ClCompile Include="ThirdParty\imgui\imgui_widgets.cpp"><Filter>ThirdParty\ImGui\Core</Filter></ClCompile>
    <ClCompile Include="ThirdParty\imgui\backends\imgui_impl_dx11.cpp"><Filter>ThirdParty\ImGui\Backends</Filter></ClCompile>
    <ClCompile Include="ThirdParty\imgui\backends\imgui_impl_win32.cpp"><Filter>ThirdParty\ImGui\Backends</Filter></ClCompile>
  </ItemGroup>
</Project>
