Microsoft Visual Studio Solution File, Format Version 12.00
# Visual Studio Version 18
Project("{BC8A1FFA-BEE3-4634-8014-F334798102B3}") = "Containment", "Containment.vcxproj", "{956573CE-50C7-4205-949F-B791C27A91EC}"
EndProject
Global
  GlobalSection(SolutionConfigurationPlatforms) = preSolution
    Debug|x64 = Debug|x64
    Release|x64 = Release|x64
  EndGlobalSection
  GlobalSection(ProjectConfigurationPlatforms) = postSolution
    {956573CE-50C7-4205-949F-B791C27A91EC}.Debug|x64.ActiveCfg = Debug|x64
    {956573CE-50C7-4205-949F-B791C27A91EC}.Debug|x64.Build.0 = Debug|x64
    {956573CE-50C7-4205-949F-B791C27A91EC}.Release|x64.ActiveCfg = Release|x64
    {956573CE-50C7-4205-949F-B791C27A91EC}.Release|x64.Build.0 = Release|x64
  EndGlobalSection
EndGlobal
